{
  "nodes": {
    "nixpkgs": {
      "locked": {
        "lastModified": 1790981744,
        "narHash": "sha256-NkNW1Y9AiuKO0HfeTnY555OJTYq9MQE3+Wz4kfBp/fI=",
        "rev": "55ba7f49ef2962b42cbd126522b7df5f95037679",
        "type": "tarball",
        "url": "https://releases.nixos.org/nixpkgs/nixpkgs-26.11pre1084552.55ba7f49ef29/nixexprs.tar.zst"
      },
      "original": {
        "type": "tarball",
        "url": "https://channels.nixos.org/nixpkgs-unstable/nixexprs.tar.zst"
      }
    },
    "root": {
      "inputs": {
        "nixpkgs": "nixpkgs"
      }
    }
  },
  "root": "root",
  "version": 7
}
